
Microsoft Visual Studio Solution File, Format Version 12.00
# Visual Studio Version 17
VisualStudioVersion = 17.5.33424.131
MinimumVisualStudioVersion = 10.0.40219.1
Project("{9A19103F-16F7-4668-BE54-9A1E7A4F7556}") = "RevitAddin.CefSharpExample", "RevitAddin.CefSharpExample\RevitAddin.CefSharpExample.csproj", "{EC7E77D5-8EA0-4E3B-87AD-A01DAA6E67AB}"
EndProject
Project("{9A19103F-16F7-4668-BE54-9A1E7A4F7556}") = "Build", "Build\Build.csproj", "{8CB9D55B-DCF0-47DA-85F1-20769AE0FDF6}"
EndProject
Project("{2150E333-8FDC-42A3-9474-1A3956D46DE8}") = "Solution", "Solution", "{04057CB8-95A4-4171-9E52-F92F4737DF8D}"
	ProjectSection(SolutionItems) = preProject
		CHANGELOG.md = CHANGELOG.md
		LICENSE = LICENSE
		README.md = README.md
	EndProjectSection
EndProject
Global
	GlobalSection(SolutionConfigurationPlatforms) = preSolution
		2021|Any CPU = 2021|Any CPU
		2022|Any CPU = 2022|Any CPU
		2023|Any CPU = 2023|Any CPU
		2024|Any CPU = 2024|Any CPU
		Debug 2021|Any CPU = Debug 2021|Any CPU
		Debug 2022|Any CPU = Debug 2022|Any CPU
		Debug 2023|Any CPU = Debug 2023|Any CPU
		Debug 2024|Any CPU = Debug 2024|Any CPU
	EndGlobalSection
	GlobalSection(ProjectConfigurationPlatforms) = postSolution
		{EC7E77D5-8EA0-4E3B-87AD-A01DAA6E67AB}.2021|Any CPU.ActiveCfg = 2021|Any CPU
		{EC7E77D5-8EA0-4E3B-87AD-A01DAA6E67AB}.2021|Any CPU.Build.0 = 2021|Any CPU
		{EC7E77D5-8EA0-4E3B-87AD-A01DAA6E67AB}.2022|Any CPU.ActiveCfg = 2022|Any CPU
		{EC7E77D5-8EA0-4E3B-87AD-A01DAA6E67AB}.2022|Any CPU.Build.0 = 2022|Any CPU
		{EC7E77D5-8EA0-4E3B-87AD-A01DAA6E67AB}.2023|Any CPU.ActiveCfg = 2023|Any CPU
		{EC7E77D5-8EA0-4E3B-87AD-A01DAA6E67AB}.2023|Any CPU.Build.0 = 2023|Any CPU
		{EC7E77D5-8EA0-4E3B-87AD-A01DAA6E67AB}.2024|Any CPU.ActiveCfg = 2024|Any CPU
		{EC7E77D5-8EA0-4E3B-87AD-A01DAA6E67AB}.2024|Any CPU.Build.0 = 2024|Any CPU
		{EC7E77D5-8EA0-4E3B-87AD-A01DAA6E67AB}.Debug 2021|Any CPU.ActiveCfg = Debug 2021|Any CPU
		{EC7E77D5-8EA0-4E3B-87AD-A01DAA6E67AB}.Debug 2021|Any CPU.Build.0 = Debug 2021|Any CPU
		{EC7E77D5-8EA0-4E3B-87AD-A01DAA6E67AB}.Debug 2022|Any CPU.ActiveCfg = Debug 2022|Any CPU
		{EC7E77D5-8EA0-4E3B-87AD-A01DAA6E67AB}.Debug 2022|Any CPU.Build.0 = Debug 2022|Any CPU
		{EC7E77D5-8EA0-4E3B-87AD-A01DAA6E67AB}.Debug 2023|Any CPU.ActiveCfg = Debug 2023|Any CPU
		{EC7E77D5-8EA0-4E3B-87AD-A01DAA6E67AB}.Debug 2023|Any CPU.Build.0 = Debug 2023|Any CPU
		{EC7E77D5-8EA0-4E3B-87AD-A01DAA6E67AB}.Debug 2024|Any CPU.ActiveCfg = Debug 2024|Any CPU
		{EC7E77D5-8EA0-4E3B-87AD-A01DAA6E67AB}.Debug 2024|Any CPU.Build.0 = Debug 2024|Any CPU
		{8CB9D55B-DCF0-47DA-85F1-20769AE0FDF6}.2021|Any CPU.ActiveCfg = Debug|Any CPU
		{8CB9D55B-DCF0-47DA-85F1-20769AE0FDF6}.2021|Any CPU.Build.0 = Debug|Any CPU
		{8CB9D55B-DCF0-47DA-85F1-20769AE0FDF6}.2022|Any CPU.ActiveCfg = Debug|Any CPU
		{8CB9D55B-DCF0-47DA-85F1-20769AE0FDF6}.2022|Any CPU.Build.0 = Debug|Any CPU
		{8CB9D55B-DCF0-47DA-85F1-20769AE0FDF6}.2023|Any CPU.ActiveCfg = Debug|Any CPU
		{8CB9D55B-DCF0-47DA-85F1-20769AE0FDF6}.2023|Any CPU.Build.0 = Debug|Any CPU
		{8CB9D55B-DCF0-47DA-85F1-20769AE0FDF6}.2024|Any CPU.ActiveCfg = Debug|Any CPU
		{8CB9D55B-DCF0-47DA-85F1-20769AE0FDF6}.2024|Any CPU.Build.0 = Debug|Any CPU
		{8CB9D55B-DCF0-47DA-85F1-20769AE0FDF6}.Debug 2021|Any CPU.ActiveCfg = Debug|Any CPU
		{8CB9D55B-DCF0-47DA-85F1-20769AE0FDF6}.Debug 2021|Any CPU.Build.0 = Debug|Any CPU
		{8CB9D55B-DCF0-47DA-85F1-20769AE0FDF6}.Debug 2022|Any CPU.ActiveCfg = Debug|Any CPU
		{8CB9D55B-DCF0-47DA-85F1-20769AE0FDF6}.Debug 2022|Any CPU.Build.0 = Debug|Any CPU
		{8CB9D55B-DCF0-47DA-85F1-20769AE0FDF6}.Debug 2023|Any CPU.ActiveCfg = Debug|Any CPU
		{8CB9D55B-DCF0-47DA-85F1-20769AE0FDF6}.Debug 2023|Any CPU.Build.0 = Debug|Any CPU
		{8CB9D55B-DCF0-47DA-85F1-20769AE0FDF6}.Debug 2024|Any CPU.ActiveCfg = Debug|Any CPU
		{8CB9D55B-DCF0-47DA-85F1-20769AE0FDF6}.Debug 2024|Any CPU.Build.0 = Debug|Any CPU
	EndGlobalSection
	GlobalSection(SolutionProperties) = preSolution
		HideSolutionNode = FALSE
	EndGlobalSection
EndGlobal
